
Microsoft Visual Studio Solution File, Format Version 12.00
# Visual Studio Version 17
VisualStudioVersion = 17.8.34525.116
MinimumVisualStudioVersion = 10.0.40219.1
Project("{FAE04EC0-301F-11D3-BF4B-00C04F79EFBC}") = "Try", "Try\Try.csproj", "{EBEC85FE-3C15-44D4-A10E-B4FD4058BAD6}"
EndProject
Global
	GlobalSection(SolutionConfigurationPlatforms) = preSolution
		Debug|Any CPU = Debug|Any CPU
		Release|Any CPU = Release|Any CPU
	EndGlobalSection
	GlobalSection(ProjectConfigurationPlatforms) = postSolution
		{EBEC85FE-3C15-44D4-A10E-B4FD4058BAD6}.Debug|Any CPU.ActiveCfg = Debug|Any CPU
		{EBEC85FE-3C15-44D4-A10E-B4FD4058BAD6}.Debug|Any CPU.Build.0 = Debug|Any CPU
		{EBEC85FE-3C15-44D4-A10E-B4FD4058BAD6}.Release|Any CPU.ActiveCfg = Release|Any CPU
		{EBEC85FE-3C15-44D4-A10E-B4FD4058BAD6}.Release|Any CPU.Build.0 = Release|Any CPU
	EndGlobalSection
	GlobalSection(SolutionProperties) = preSolution
		HideSolutionNode = FALSE
	EndGlobalSection
	GlobalSection(ExtensibilityGlobals) = postSolution
		SolutionGuid = {B93B6B0B-63E6-4A36-AC4A-D1BA29B6E320}
	EndGlobalSection
EndGlobal
